NeoBundleLock ctrlp.vim f41e15225d82ac98335e5a2a1468f85319f0a5bd
NeoBundleLock gundo.vim f41e15225d82ac98335e5a2a1468f85319f0a5bd
NeoBundleLock neobundle.vim 6bf4fa1cf3cebfed76f5e300949faef0b78fbfbc
NeoBundleLock neocomplcache.vim f41e15225d82ac98335e5a2a1468f85319f0a5bd
NeoBundleLock syntastic f41e15225d82ac98335e5a2a1468f85319f0a5bd
NeoBundleLock tabular f41e15225d82ac98335e5a2a1468f85319f0a5bd
NeoBundleLock vim-css3-syntax f41e15225d82ac98335e5a2a1468f85319f0a5bd
NeoBundleLock vim-fugitive f41e15225d82ac98335e5a2a1468f85319f0a5bd
NeoBundleLock vim-perl f41e15225d82ac98335e5a2a1468f85319f0a5bd
NeoBundleLock vim-powerline f41e15225d82ac98335e5a2a1468f85319f0a5bd
NeoBundleLock vim-quickrun f41e15225d82ac98335e5a2a1468f85319f0a5bd
NeoBundleLock vim-repeat f41e15225d82ac98335e5a2a1468f85319f0a5bd
NeoBundleLock vim-smartinput f41e15225d82ac98335e5a2a1468f85319f0a5bd
NeoBundleLock vim-surround f41e15225d82ac98335e5a2a1468f85319f0a5bd
NeoBundleLock vim-textobj-doublecolon f41e15225d82ac98335e5a2a1468f85319f0a5bd
NeoBundleLock vim-textobj-indent f41e15225d82ac98335e5a2a1468f85319f0a5bd
NeoBundleLock vim-textobj-keyvalue f41e15225d82ac98335e5a2a1468f85319f0a5bd
NeoBundleLock vim-textobj-sigil f41e15225d82ac98335e5a2a1468f85319f0a5bd
NeoBundleLock vim-textobj-user f41e15225d82ac98335e5a2a1468f85319f0a5bd
NeoBundleLock vim-unimpaired f41e15225d82ac98335e5a2a1468f85319f0a5bd
NeoBundleLock vim-visualstar f41e15225d82ac98335e5a2a1468f85319f0a5bd
NeoBundleLock vim-yankstack f41e15225d82ac98335e5a2a1468f85319f0a5bd
